// !$*UTF8*$!
{
	archiveVersion = 1;
	classes = {
	};
	objectVersion = 48;
	objects = {

/* Begin PBXBuildFile section */
		896483E8F5DA3703ACF44815 /* Pods_Uber_Clone.framework in Frameworks */ = {isa = PBXBuildFile; fileRef = 80ECB819B690CF32D9B73C2D /* Pods_Uber_Clone.framework */; };
		FA97453D1F47AC1300CA45AA /* AppDelegate.swift in Sources */ = {isa = PBXBuildFile; fileRef = FA97453C1F47AC1300CA45AA /* AppDelegate.swift */; };
		FA97453F1F47AC1300CA45AA /* LoginViewController.swift in Sources */ = {isa = PBXBuildFile; fileRef = FA97453E1F47AC1300CA45AA /* LoginViewController.swift */; };
		FA9745421F47AC1300CA45AA /* Main.storyboard in Resources */ = {isa = PBXBuildFile; fileRef = FA9745401F47AC1300CA45AA /* Main.storyboard */; };
		FA9745441F47AC1300CA45AA /* Assets.xcassets in Resources */ = {isa = PBXBuildFile; fileRef = FA9745431F47AC1300CA45AA /* Assets.xcassets */; };
		FA9745471F47AC1300CA45AA /* LaunchScreen.storyboard in Resources */ = {isa = PBXBuildFile; fileRef = FA9745451F47AC1300CA45AA /* LaunchScreen.storyboard */; };
		FA97454F1F47B05400CA45AA /* GoogleService-Info.plist in Resources */ = {isa = PBXBuildFile; fileRef = FA97454E1F47AC8600CA45AA /* GoogleService-Info.plist */; };
		FAAEA16E1F4821E400A3A6E1 /* DriverTableViewController.swift in Sources */ = {isa = PBXBuildFile; fileRef = FAAEA16D1F4821E400A3A6E1 /* DriverTableViewController.swift */; };
		FAAEA1701F482A5400A3A6E1 /* AcceptRequestViewController.swift in Sources */ = {isa = PBXBuildFile; fileRef = FAAEA16F1F482A5400A3A6E1 /* AcceptRequestViewController.swift */; };
		FACBD4931F47F00B0023320A /* RiderViewController.swift in Sources */ = {isa = PBXBuildFile; fileRef = FACBD4921F47F00B0023320A /* RiderViewController.swift */; };
		FAFA95A71F47EEB00063B3B1 /* Info.plist in Resources */ = {isa = PBXBuildFile; fileRef = FA9745481F47AC1300CA45AA /* Info.plist */; };
/* End PBXBuildFile section */

/* Begin PBXFileReference section */
		082708E898CCD2F867C1E352 /* Pods-Uber Clone.debug.xcconfig */ = {isa = PBXFileReference; includeInIndex = 1; lastKnownFileType = text.xcconfig; name = "Pods-Uber Clone.debug.xcconfig"; path = "Pods/Target Support Files/Pods-Uber Clone/Pods-Uber Clone.debug.xcconfig"; sourceTree = "<group>"; };
		80ECB819B690CF32D9B73C2D /* Pods_Uber_Clone.framework */ = {isa = PBXFileReference; explicitFileType = wrapper.framework; includeInIndex = 0; path = Pods_Uber_Clone.framework; sourceTree = BUILT_PRODUCTS_DIR; };
		E992DE9C46B2D8C49155C325 /* Pods-Uber Clone.release.xcconfig */ = {isa = PBXFileReference; includeInIndex = 1; lastKnownFileType = text.xcconfig; name = "Pods-Uber Clone.release.xcconfig"; path = "Pods/Target Support Files/Pods-Uber Clone/Pods-Uber Clone.release.xcconfig"; sourceTree = "<group>"; };
		FA9745391F47AC1300CA45AA /* Uber Clone.app */ = {isa = PBXFileReference; explicitFileType = wrapper.application; includeInIndex = 0; path = "Uber Clone.app"; sourceTree = BUILT_PRODUCTS_DIR; };
		FA97453C1F47AC1300CA45AA /* AppDelegate.swift */ = {isa = PBXFileReference; lastKnownFileType = sourcecode.swift; path = AppDelegate.swift; sourceTree = "<group>"; };
		FA97453E1F47AC1300CA45AA /* LoginViewController.swift */ = {isa = PBXFileReference; lastKnownFileType = sourcecode.swift; path = LoginViewController.swift; sourceTree = "<group>"; };
		FA9745411F47AC1300CA45AA /* Base */ = {isa = PBXFileReference; lastKnownFileType = file.storyboard; name = Base; path = Base.lproj/Main.storyboard; sourceTree = "<group>"; };
		FA9745431F47AC1300CA45AA /* Assets.xcassets */ = {isa = PBXFileReference; lastKnownFileType = folder.assetcatalog; path = Assets.xcassets; sourceTree = "<group>"; };
		FA9745461F47AC1300CA45AA /* Base */ = {isa = PBXFileReference; lastKnownFileType = file.storyboard; name = Base; path = Base.lproj/LaunchScreen.storyboard; sourceTree = "<group>"; };
		FA9745481F47AC1300CA45AA /* Info.plist */ = {isa = PBXFileReference; lastKnownFileType = text.plist.xml; path = Info.plist; sourceTree = "<group>"; };
		FA97454E1F47AC8600CA45AA /* GoogleService-Info.plist */ = {isa = PBXFileReference; lastKnownFileType = text.plist.xml; path = "GoogleService-Info.plist"; sourceTree = "<group>"; };
		FAAEA16D1F4821E400A3A6E1 /* DriverTableViewController.swift */ = {isa = PBXFileReference; lastKnownFileType = sourcecode.swift; path = DriverTableViewController.swift; sourceTree = "<group>"; };
		FAAEA16F1F482A5400A3A6E1 /* AcceptRequestViewController.swift */ = {isa = PBXFileReference; lastKnownFileType = sourcecode.swift; path = AcceptRequestViewController.swift; sourceTree = "<group>"; };
		FACBD4921F47F00B0023320A /* RiderViewController.swift */ = {isa = PBXFileReference; lastKnownFileType = sourcecode.swift; path = RiderViewController.swift; sourceTree = "<group>"; };
/* End PBXFileReference section */

/* Begin PBXFrameworksBuildPhase section */
		FA9745361F47AC1300CA45AA /* Frameworks */ = {
			isa = PBXFrameworksBuildPhase;
			buildActionMask = 2147483647;
			files = (
				896483E8F5DA3703ACF44815 /* Pods_Uber_Clone.framework in Frameworks */,
			);
			runOnlyForDeploymentPostprocessing = 0;
		};
/* End PBXFrameworksBuildPhase section */

/* Begin PBXGroup section */
		661DB6EACB646994CAC9981B /* Frameworks */ = {
			isa = PBXGroup;
			children = (
				80ECB819B690CF32D9B73C2D /* Pods_Uber_Clone.framework */,
			);
			name = Frameworks;
			sourceTree = "<group>";
		};
		836C3431732BFBA0C47C590C /* Pods */ = {
			isa = PBXGroup;
			children = (
				082708E898CCD2F867C1E352 /* Pods-Uber Clone.debug.xcconfig */,
				E992DE9C46B2D8C49155C325 /* Pods-Uber Clone.release.xcconfig */,
			);
			name = Pods;
			sourceTree = "<group>";
		};
		FA9745301F47AC1300CA45AA = {
			isa = PBXGroup;
			children = (
				FA97453B1F47AC1300CA45AA /* Uber Clone */,
				FA97453A1F47AC1300CA45AA /* Products */,
				836C3431732BFBA0C47C590C /* Pods */,
				661DB6EACB646994CAC9981B /* Frameworks */,
			);
			sourceTree = "<group>";
		};
		FA97453A1F47AC1300CA45AA /* Products */ = {
			isa = PBXGroup;
			children = (
				FA9745391F47AC1300CA45AA /* Uber Clone.app */,
			);
			name = Products;
			sourceTree = "<group>";
		};
		FA97453B1F47AC1300CA45AA /* Uber Clone */ = {
			isa = PBXGroup;
			children = (
				FACBD4911F47EF6F0023320A /* Model */,
				FACBD4901F47EF640023320A /* View */,
				FACBD48F1F47EF5A0023320A /* Controller */,
				FAFA95A81F47EF3E0063B3B1 /* Supporting Files */,
			);
			path = "Uber Clone";
			sourceTree = "<group>";
		};
		FACBD48F1F47EF5A0023320A /* Controller */ = {
			isa = PBXGroup;
			children = (
				FA97453E1F47AC1300CA45AA /* LoginViewController.swift */,
				FACBD4921F47F00B0023320A /* RiderViewController.swift */,
				FAAEA16D1F4821E400A3A6E1 /* DriverTableViewController.swift */,
				FAAEA16F1F482A5400A3A6E1 /* AcceptRequestViewController.swift */,
			);
			name = Controller;
			path = ..;
			sourceTree = "<group>";
		};
		FACBD4901F47EF640023320A /* View */ = {
			isa = PBXGroup;
			children = (
				FA9745401F47AC1300CA45AA /* Main.storyboard */,
			);
			name = View;
			path = ..;
			sourceTree = "<group>";
		};
		FACBD4911F47EF6F0023320A /* Model */ = {
			isa = PBXGroup;
			children = (
			);
			path = Model;
			sourceTree = "<group>";
		};
		FAFA95A81F47EF3E0063B3B1 /* Supporting Files */ = {
			isa = PBXGroup;
			children = (
				FA97453C1F47AC1300CA45AA /* AppDelegate.swift */,
				FA9745431F47AC1300CA45AA /* Assets.xcassets */,
				FA9745451F47AC1300CA45AA /* LaunchScreen.storyboard */,
				FA97454E1F47AC8600CA45AA /* GoogleService-Info.plist */,
				FA9745481F47AC1300CA45AA /* Info.plist */,
			);
			name = "Supporting Files";
			path = ..;
			sourceTree = "<group>";
		};
/* End PBXGroup section */

/* Begin PBXNativeTarget section */
		FA9745381F47AC1300CA45AA /* Uber Clone */ = {
			isa = PBXNativeTarget;
			buildConfigurationList = FA97454B1F47AC1300CA45AA /* Build configuration list for PBXNativeTarget "Uber Clone" */;
			buildPhases = (
				5CD93DB599CE4E2044D56C6B /* [CP] Check Pods Manifest.lock */,
				FA9745351F47AC1300CA45AA /* Sources */,
				FA9745361F47AC1300CA45AA /* Frameworks */,
				FA9745371F47AC1300CA45AA /* Resources */,
				4D925564779C28DD8B2AC65B /* [CP] Embed Pods Frameworks */,
				8FE142B0F3B34A19F8470627 /* [CP] Copy Pods Resources */,
			);
			buildRules = (
			);
			dependencies = (
			);
			name = "Uber Clone";
			productName = "Uber Clone";
			productReference = FA9745391F47AC1300CA45AA /* Uber Clone.app */;
			productType = "com.apple.product-type.application";
		};
/* End PBXNativeTarget section */

/* Begin PBXProject section */
		FA9745311F47AC1300CA45AA /* Project object */ = {
			isa = PBXProject;
			attributes = {
				LastSwiftUpdateCheck = 0900;
				LastUpgradeCheck = 0900;
				ORGANIZATIONNAME = "Alex Wong";
				TargetAttributes = {
					FA9745381F47AC1300CA45AA = {
						CreatedOnToolsVersion = 9.0;
					};
				};
			};
			buildConfigurationList = FA9745341F47AC1300CA45AA /* Build configuration list for PBXProject "Uber Clone" */;
			compatibilityVersion = "Xcode 8.0";
			developmentRegion = en;
			hasScannedForEncodings = 0;
			knownRegions = (
				en,
				Base,
			);
			mainGroup = FA9745301F47AC1300CA45AA;
			productRefGroup = FA97453A1F47AC1300CA45AA /* Products */;
			projectDirPath = "";
			projectRoot = "";
			targets = (
				FA9745381F47AC1300CA45AA /* Uber Clone */,
			);
		};
/* End PBXProject section */

/* Begin PBXResourcesBuildPhase section */
		FA9745371F47AC1300CA45AA /* Resources */ = {
			isa = PBXResourcesBuildPhase;
			buildActionMask = 2147483647;
			files = (
				FA9745471F47AC1300CA45AA /* LaunchScreen.storyboard in Resources */,
				FA97454F1F47B05400CA45AA /* GoogleService-Info.plist in Resources */,
				FA9745441F47AC1300CA45AA /* Assets.xcassets in Resources */,
				FAFA95A71F47EEB00063B3B1 /* Info.plist in Resources */,
				FA9745421F47AC1300CA45AA /* Main.storyboard in Resources */,
			);
			runOnlyForDeploymentPostprocessing = 0;
		};
/* End PBXResourcesBuildPhase section */

/* Begin PBXShellScriptBuildPhase section */
		4D925564779C28DD8B2AC65B /* [CP] Embed Pods Frameworks */ = {
			isa = PBXShellScriptBuildPhase;
			buildActionMask = 2147483647;
			files = (
			);
			inputPaths = (
			);
			name = "[CP] Embed Pods Frameworks";
			outputPaths = (
			);
			runOnlyForDeploymentPostprocessing = 0;
			shellPath = /bin/sh;
			shellScript = "\"${SRCROOT}/Pods/Target Support Files/Pods-Uber Clone/Pods-Uber Clone-frameworks.sh\"\n";
			showEnvVarsInLog = 0;
		};
		5CD93DB599CE4E2044D56C6B /* [CP] Check Pods Manifest.lock */ = {
			isa = PBXShellScriptBuildPhase;
			buildActionMask = 2147483647;
			files = (
			);
			inputPaths = (
			);
			name = "[CP] Check Pods Manifest.lock";
			outputPaths = (
			);
			runOnlyForDeploymentPostprocessing = 0;
			shellPath = /bin/sh;
			shellScript = "diff \"${PODS_ROOT}/../Podfile.lock\" \"${PODS_ROOT}/Manifest.lock\" > /dev/null\nif [ $? != 0 ] ; then\n    # print error to STDERR\n    echo \"error: The sandbox is not in sync with the Podfile.lock. Run 'pod install' or update your CocoaPods installation.\" >&2\n    exit 1\nfi\n";
			showEnvVarsInLog = 0;
		};
		8FE142B0F3B34A19F8470627 /* [CP] Copy Pods Resources */ = {
			isa = PBXShellScriptBuildPhase;
			buildActionMask = 2147483647;
			files = (
			);
			inputPaths = (
			);
			name = "[CP] Copy Pods Resources";
			outputPaths = (
			);
			runOnlyForDeploymentPostprocessing = 0;
			shellPath = /bin/sh;
			shellScript = "\"${SRCROOT}/Pods/Target Support Files/Pods-Uber Clone/Pods-Uber Clone-resources.sh\"\n";
			showEnvVarsInLog = 0;
		};
/* End PBXShellScriptBuildPhase section */

/* Begin PBXSourcesBuildPhase section */
		FA9745351F47AC1300CA45AA /* Sources */ = {
			isa = PBXSourcesBuildPhase;
			buildActionMask = 2147483647;
			files = (
				FA97453F1F47AC1300CA45AA /* LoginViewController.swift in Sources */,
				FAAEA16E1F4821E400A3A6E1 /* DriverTableViewController.swift in Sources */,
				FACBD4931F47F00B0023320A /* RiderViewController.swift in Sources */,
				FA97453D1F47AC1300CA45AA /* AppDelegate.swift in Sources */,
				FAAEA1701F482A5400A3A6E1 /* AcceptRequestViewController.swift in Sources */,
			);
			runOnlyForDeploymentPostprocessing = 0;
		};
/* End PBXSourcesBuildPhase section */

/* Begin PBXVariantGroup section */
		FA9745401F47AC1300CA45AA /* Main.storyboard */ = {
			isa = PBXVariantGroup;
			children = (
				FA9745411F47AC1300CA45AA /* Base */,
			);
			name = Main.storyboard;
			sourceTree = "<group>";
		};
		FA9745451F47AC1300CA45AA /* LaunchScreen.storyboard */ = {
			isa = PBXVariantGroup;
			children = (
				FA9745461F47AC1300CA45AA /* Base */,
			);
			name = LaunchScreen.storyboard;
			sourceTree = "<group>";
		};
/* End PBXVariantGroup section */

/* Begin XCBuildConfiguration section */
		FA9745491F47AC1300CA45AA /* Debug */ = {
			isa = XCBuildConfiguration;
			buildSettings = {
				ALWAYS_SEARCH_USER_PATHS = NO;
				CLANG_ANALYZER_NONNULL = YES;
				CLANG_ANALYZER_NUMBER_OBJECT_CONVERSION = YES_AGGRESSIVE;
				CLANG_CXX_LANGUAGE_STANDARD = "gnu++14";
				CLANG_CXX_LIBRARY = "libc++";
				CLANG_ENABLE_MODULES = YES;
				CLANG_ENABLE_OBJC_ARC = YES;
				CLANG_WARN_BLOCK_CAPTURE_AUTORELEASING = YES;
				CLANG_WARN_BOOL_CONVERSION = YES;
				CLANG_WARN_COMMA = YES;
				CLANG_WARN_CONSTANT_CONVERSION = YES;
				CLANG_WARN_DIRECT_OBJC_ISA_USAGE = YES_ERROR;
				CLANG_WARN_DOCUMENTATION_COMMENTS = YES;
				CLANG_WARN_EMPTY_BODY = YES;
				CLANG_WARN_ENUM_CONVERSION = YES;
				CLANG_WARN_INFINITE_RECURSION = YES;
				CLANG_WARN_INT_CONVERSION = YES;
				CLANG_WARN_NON_LITERAL_NULL_CONVERSION = YES;
				CLANG_WARN_OBJC_LITERAL_CONVERSION = YES;
				CLANG_WARN_OBJC_ROOT_CLASS = YES_ERROR;
				CLANG_WARN_RANGE_LOOP_ANALYSIS = YES;
				CLANG_WARN_STRICT_PROTOTYPES = YES;
				CLANG_WARN_SUSPICIOUS_MOVE = YES;
				CLANG_WARN_UNGUARDED_AVAILABILITY = YES_AGGRESSIVE;
				CLANG_WARN_UNREACHABLE_CODE = YES;
				CLANG_WARN__DUPLICATE_METHOD_MATCH = YES;
				CODE_SIGN_IDENTITY = "iPhone Developer";
				COPY_PHASE_STRIP = NO;
				DEBUG_INFORMATION_FORMAT = dwarf;
				ENABLE_STRICT_OBJC_MSGSEND = YES;
				ENABLE_TESTABILITY = YES;
				GCC_C_LANGUAGE_STANDARD = gnu11;
				GCC_DYNAMIC_NO_PIC = NO;
				GCC_NO_COMMON_BLOCKS = YES;
				GCC_OPTIMIZATION_LEVEL = 0;
				GCC_PREPROCESSOR_DEFINITIONS = (
					"DEBUG=1",
					"$(inherited)",
				);
				GCC_WARN_64_TO_32_BIT_CONVERSION = YES;
				GCC_WARN_ABOUT_RETURN_TYPE = YES_ERROR;
				GCC_WARN_UNDECLARED_SELECTOR = YES;
				GCC_WARN_UNINITIALIZED_AUTOS = YES_AGGRESSIVE;
				GCC_WARN_UNUSED_FUNCTION = YES;
				GCC_WARN_UNUSED_VARIABLE = YES;
				IPHONEOS_DEPLOYMENT_TARGET = 11.0;
				MTL_ENABLE_DEBUG_INFO = YES;
				ONLY_ACTIVE_ARCH = YES;
				SDKROOT = iphoneos;
				SWIFT_ACTIVE_COMPILATION_CONDITIONS = DEBUG;
				SWIFT_OPTIMIZATION_LEVEL = "-Onone";
			};
			name = Debug;
		};
		FA97454A1F47AC1300CA45AA /* Release */ = {
			isa = XCBuildConfiguration;
			buildSettings = {
				ALWAYS_SEARCH_USER_PATHS = NO;
				CLANG_ANALYZER_NONNULL = YES;
				CLANG_ANALYZER_NUMBER_OBJECT_CONVERSION = YES_AGGRESSIVE;
				CLANG_CXX_LANGUAGE_STANDARD = "gnu++14";
				CLANG_CXX_LIBRARY = "libc++";
				CLANG_ENABLE_MODULES = YES;
				CLANG_ENABLE_OBJC_ARC = YES;
				CLANG_WARN_BLOCK_CAPTURE_AUTORELEASING = YES;
				CLANG_WARN_BOOL_CONVERSION = YES;
				CLANG_WARN_COMMA = YES;
				CLANG_WARN_CONSTANT_CONVERSION = YES;
				CLANG_WARN_DIRECT_OBJC_ISA_USAGE = YES_ERROR;
				CLANG_WARN_DOCUMENTATION_COMMENTS = YES;
				CLANG_WARN_EMPTY_BODY = YES;
				CLANG_WARN_ENUM_CONVERSION = YES;
				CLANG_WARN_INFINITE_RECURSION = YES;
				CLANG_WARN_INT_CONVERSION = YES;
				CLANG_WARN_NON_LITERAL_NULL_CONVERSION = YES;
				CLANG_WARN_OBJC_LITERAL_CONVERSION = YES;
				CLANG_WARN_OBJC_ROOT_CLASS = YES_ERROR;
				CLANG_WARN_RANGE_LOOP_ANALYSIS = YES;
				CLANG_WARN_STRICT_PROTOTYPES = YES;
				CLANG_WARN_SUSPICIOUS_MOVE = YES;
				CLANG_WARN_UNGUARDED_AVAILABILITY = YES_AGGRESSIVE;
				CLANG_WARN_UNREACHABLE_CODE = YES;
				CLANG_WARN__DUPLICATE_METHOD_MATCH = YES;
				CODE_SIGN_IDENTITY = "iPhone Developer";
				COPY_PHASE_STRIP = NO;
				DEBUG_INFORMATION_FORMAT = "dwarf-with-dsym";
				ENABLE_NS_ASSERTIONS = NO;
				ENABLE_STRICT_OBJC_MSGSEND = YES;
				GCC_C_LANGUAGE_STANDARD = gnu11;
				GCC_NO_COMMON_BLOCKS = YES;
				GCC_WARN_64_TO_32_BIT_CONVERSION = YES;
				GCC_WARN_ABOUT_RETURN_TYPE = YES_ERROR;
				GCC_WARN_UNDECLARED_SELECTOR = YES;
				GCC_WARN_UNINITIALIZED_AUTOS = YES_AGGRESSIVE;
				GCC_WARN_UNUSED_FUNCTION = YES;
				GCC_WARN_UNUSED_VARIABLE = YES;
				IPHONEOS_DEPLOYMENT_TARGET = 11.0;
				MTL_ENABLE_DEBUG_INFO = NO;
				SDKROOT = iphoneos;
				SWIFT_OPTIMIZATION_LEVEL = "-Owholemodule";
				VALIDATE_PRODUCT = YES;
			};
			name = Release;
		};
		FA97454C1F47AC1300CA45AA /* Debug */ = {
			isa = XCBuildConfiguration;
			baseConfigurationReference = 082708E898CCD2F867C1E352 /* Pods-Uber Clone.debug.xcconfig */;
			buildSettings = {
				ASSETCATALOG_COMPILER_APPICON_NAME = AppIcon;
				DEVELOPMENT_TEAM = 7DZAV3VM24;
				INFOPLIST_FILE = "$(SRCROOT)/Info.plist";
				LD_RUNPATH_SEARCH_PATHS = "$(inherited) @executable_path/Frameworks";
				PRODUCT_BUNDLE_IDENTIFIER = "com.alwongg.Uber-Clone";
				PRODUCT_NAME = "$(TARGET_NAME)";
				SWIFT_VERSION = 4.0;
				TARGETED_DEVICE_FAMILY = "1,2";
			};
			name = Debug;
		};
		FA97454D1F47AC1300CA45AA /* Release */ = {
			isa = XCBuildConfiguration;
			baseConfigurationReference = E992DE9C46B2D8C49155C325 /* Pods-Uber Clone.release.xcconfig */;
			buildSettings = {
				ASSETCATALOG_COMPILER_APPICON_NAME = AppIcon;
				DEVELOPMENT_TEAM = 7DZAV3VM24;
				INFOPLIST_FILE = "$(SRCROOT)/Info.plist";
				LD_RUNPATH_SEARCH_PATHS = "$(inherited) @executable_path/Frameworks";
				PRODUCT_BUNDLE_IDENTIFIER = "com.alwongg.Uber-Clone";
				PRODUCT_NAME = "$(TARGET_NAME)";
				SWIFT_VERSION = 4.0;
				TARGETED_DEVICE_FAMILY = "1,2";
			};
			name = Release;
		};
/* End XCBuildConfiguration section */

/* Begin XCConfigurationList section */
		FA9745341F47AC1300CA45AA /* Build configuration list for PBXProject "Uber Clone" */ = {
			isa = XCConfigurationList;
			buildConfigurations = (
				FA9745491F47AC1300CA45AA /* Debug */,
				FA97454A1F47AC1300CA45AA /* Release */,
			);
			defaultConfigurationIsVisible = 0;
			defaultConfigurationName = Release;
		};
		FA97454B1F47AC1300CA45AA /* Build configuration list for PBXNativeTarget "Uber Clone" */ = {
			isa = XCConfigurationList;
			buildConfigurations = (
				FA97454C1F47AC1300CA45AA /* Debug */,
				FA97454D1F47AC1300CA45AA /* Release */,
			);
			defaultConfigurationIsVisible = 0;
			defaultConfigurationName = Release;
		};
/* End XCConfigurationList section */
	};
	rootObject = FA9745311F47AC1300CA45AA /* Project object */;
}
